
Microsoft Visual Studio Solution File, Format Version 11.00
# Visual Studio 2010
Project("{FAE04EC0-301F-11D3-BF4B-00C04F79EFBC}") = "SteamVR", "SteamVR.csproj", "{f3f596e6-8b24-0e0a-0d75-54ad0a98d476}"
EndProject
Project("{FAE04EC0-301F-11D3-BF4B-00C04F79EFBC}") = "Assembly-CSharp", "Assembly-CSharp.csproj", "{563012d7-f078-33a2-4b41-9260699fa966}"
EndProject
Project("{FAE04EC0-301F-11D3-BF4B-00C04F79EFBC}") = "SteamVR_Input_Editor", "SteamVR_Input_Editor.csproj", "{34021944-a53a-1515-4356-8e673cea9d60}"
EndProject
Project("{FAE04EC0-301F-11D3-BF4B-00C04F79EFBC}") = "SteamVR_Editor", "SteamVR_Editor.csproj", "{11fb65b3-2e51-d9fc-6b2c-c7a1f44bf25d}"
EndProject
Project("{FAE04EC0-301F-11D3-BF4B-00C04F79EFBC}") = "SteamVR_Windows_EditorHelper", "SteamVR_Windows_EditorHelper.csproj", "{541fe7e9-b921-8a9f-6906-878459abd316}"
EndProject
Global
	GlobalSection(SolutionConfigurationPlatforms) = preSolution
		Debug|Any CPU = Debug|Any CPU
	EndGlobalSection
	GlobalSection(ProjectConfigurationPlatforms) = postSolution
		{f3f596e6-8b24-0e0a-0d75-54ad0a98d476}.Debug|Any CPU.ActiveCfg = Debug|Any CPU
		{f3f596e6-8b24-0e0a-0d75-54ad0a98d476}.Debug|Any CPU.Build.0 = Debug|Any CPU
		{563012d7-f078-33a2-4b41-9260699fa966}.Debug|Any CPU.ActiveCfg = Debug|Any CPU
		{563012d7-f078-33a2-4b41-9260699fa966}.Debug|Any CPU.Build.0 = Debug|Any CPU
		{34021944-a53a-1515-4356-8e673cea9d60}.Debug|Any CPU.ActiveCfg = Debug|Any CPU
		{34021944-a53a-1515-4356-8e673cea9d60}.Debug|Any CPU.Build.0 = Debug|Any CPU
		{11fb65b3-2e51-d9fc-6b2c-c7a1f44bf25d}.Debug|Any CPU.ActiveCfg = Debug|Any CPU
		{11fb65b3-2e51-d9fc-6b2c-c7a1f44bf25d}.Debug|Any CPU.Build.0 = Debug|Any CPU
		{541fe7e9-b921-8a9f-6906-878459abd316}.Debug|Any CPU.ActiveCfg = Debug|Any CPU
		{541fe7e9-b921-8a9f-6906-878459abd316}.Debug|Any CPU.Build.0 = Debug|Any CPU
	EndGlobalSection
	GlobalSection(SolutionProperties) = preSolution
		HideSolutionNode = FALSE
	EndGlobalSection
EndGlobal
