
Microsoft Visual Studio Solution File, Format Version 12.00
# Visual Studio Version 16
VisualStudioVersion = 16.0.31624.102
MinimumVisualStudioVersion = 10.0.40219.1
Project("{FAE04EC0-301F-11D3-BF4B-00C04F79EFBC}") = "SteamVR", "SteamVR.csproj", "{F3F596E6-8B24-0E0A-0D75-54AD0A98D476}"
EndProject
Project("{FAE04EC0-301F-11D3-BF4B-00C04F79EFBC}") = "Assembly-CSharp", "Assembly-CSharp.csproj", "{9CED1665-F760-3B49-01AA-4069FFE9182F}"
EndProject
Project("{FAE04EC0-301F-11D3-BF4B-00C04F79EFBC}") = "SteamVR_Input_Editor", "SteamVR_Input_Editor.csproj", "{34021944-A53A-1515-4356-8E673CEA9D60}"
EndProject
Project("{FAE04EC0-301F-11D3-BF4B-00C04F79EFBC}") = "SteamVR_Editor", "SteamVR_Editor.csproj", "{11FB65B3-2E51-D9FC-6B2C-C7A1F44BF25D}"
EndProject
Project("{FAE04EC0-301F-11D3-BF4B-00C04F79EFBC}") = "SteamVR_Windows_EditorHelper", "SteamVR_Windows_EditorHelper.csproj", "{541FE7E9-B921-8A9F-6906-878459ABD316}"
EndProject
Global
	GlobalSection(SolutionConfigurationPlatforms) = preSolution
		Debug|Any CPU = Debug|Any CPU
		Release|Any CPU = Release|Any CPU
	EndGlobalSection
	GlobalSection(ProjectConfigurationPlatforms) = postSolution
		{F3F596E6-8B24-0E0A-0D75-54AD0A98D476}.Debug|Any CPU.ActiveCfg = Debug|Any CPU
		{F3F596E6-8B24-0E0A-0D75-54AD0A98D476}.Debug|Any CPU.Build.0 = Debug|Any CPU
		{F3F596E6-8B24-0E0A-0D75-54AD0A98D476}.Release|Any CPU.ActiveCfg = Release|Any CPU
		{F3F596E6-8B24-0E0A-0D75-54AD0A98D476}.Release|Any CPU.Build.0 = Release|Any CPU
		{9CED1665-F760-3B49-01AA-4069FFE9182F}.Debug|Any CPU.ActiveCfg = Debug|Any CPU
		{9CED1665-F760-3B49-01AA-4069FFE9182F}.Debug|Any CPU.Build.0 = Debug|Any CPU
		{9CED1665-F760-3B49-01AA-4069FFE9182F}.Release|Any CPU.ActiveCfg = Release|Any CPU
		{9CED1665-F760-3B49-01AA-4069FFE9182F}.Release|Any CPU.Build.0 = Release|Any CPU
		{34021944-A53A-1515-4356-8E673CEA9D60}.Debug|Any CPU.ActiveCfg = Debug|Any CPU
		{34021944-A53A-1515-4356-8E673CEA9D60}.Debug|Any CPU.Build.0 = Debug|Any CPU
		{34021944-A53A-1515-4356-8E673CEA9D60}.Release|Any CPU.ActiveCfg = Release|Any CPU
		{34021944-A53A-1515-4356-8E673CEA9D60}.Release|Any CPU.Build.0 = Release|Any CPU
		{11FB65B3-2E51-D9FC-6B2C-C7A1F44BF25D}.Debug|Any CPU.ActiveCfg = Debug|Any CPU
		{11FB65B3-2E51-D9FC-6B2C-C7A1F44BF25D}.Debug|Any CPU.Build.0 = Debug|Any CPU
		{11FB65B3-2E51-D9FC-6B2C-C7A1F44BF25D}.Release|Any CPU.ActiveCfg = Release|Any CPU
		{11FB65B3-2E51-D9FC-6B2C-C7A1F44BF25D}.Release|Any CPU.Build.0 = Release|Any CPU
		{541FE7E9-B921-8A9F-6906-878459ABD316}.Debug|Any CPU.ActiveCfg = Debug|Any CPU
		{541FE7E9-B921-8A9F-6906-878459ABD316}.Debug|Any CPU.Build.0 = Debug|Any CPU
		{541FE7E9-B921-8A9F-6906-878459ABD316}.Release|Any CPU.ActiveCfg = Release|Any CPU
		{541FE7E9-B921-8A9F-6906-878459ABD316}.Release|Any CPU.Build.0 = Release|Any CPU
	EndGlobalSection
	GlobalSection(SolutionProperties) = preSolution
		HideSolutionNode = FALSE
	EndGlobalSection
	GlobalSection(ExtensibilityGlobals) = postSolution
		SolutionGuid = {05B25789-23C0-48C4-A54D-284DCCA10691}
	EndGlobalSection
EndGlobal
