
Microsoft Visual Studio Solution File, Format Version 12.00
# Visual Studio Version 16
VisualStudioVersion = 16.0.32228.343
MinimumVisualStudioVersion = 10.0.40219.1
Project("{FAE04EC0-301F-11D3-BF4B-00C04F79EFBC}") = "SteamVR", "SteamVR.csproj", "{EBC3A4F4-7713-1D05-2AE0-A85150F6629B}"
EndProject
Project("{FAE04EC0-301F-11D3-BF4B-00C04F79EFBC}") = "Assembly-CSharp", "Assembly-CSharp.csproj", "{2587064C-9DDB-63F5-F499-FC57C83E08FF}"
EndProject
Project("{FAE04EC0-301F-11D3-BF4B-00C04F79EFBC}") = "SteamVR_Actions", "SteamVR_Actions.csproj", "{33FB7189-CEEB-1240-A612-1E1C3FF1F87E}"
EndProject
Project("{FAE04EC0-301F-11D3-BF4B-00C04F79EFBC}") = "SteamVR_Input_Editor", "SteamVR_Input_Editor.csproj", "{BD51A0B7-699A-3735-1B96-F4F2DADE687A}"
EndProject
Project("{FAE04EC0-301F-11D3-BF4B-00C04F79EFBC}") = "SteamVR_Editor", "SteamVR_Editor.csproj", "{1F3623B4-0BAF-05C5-6052-FA21492861E9}"
EndProject
Project("{FAE04EC0-301F-11D3-BF4B-00C04F79EFBC}") = "Assembly-CSharp-Editor", "Assembly-CSharp-Editor.csproj", "{DC7067A6-F728-E50F-8F20-08BB1B228D1E}"
EndProject
Project("{FAE04EC0-301F-11D3-BF4B-00C04F79EFBC}") = "SteamVR_Windows_EditorHelper", "SteamVR_Windows_EditorHelper.csproj", "{E08F152D-3082-437F-CB32-562E8025E8A7}"
EndProject
Global
	GlobalSection(SolutionConfigurationPlatforms) = preSolution
		Debug|Any CPU = Debug|Any CPU
		Release|Any CPU = Release|Any CPU
	EndGlobalSection
	GlobalSection(ProjectConfigurationPlatforms) = postSolution
		{EBC3A4F4-7713-1D05-2AE0-A85150F6629B}.Debug|Any CPU.ActiveCfg = Debug|Any CPU
		{EBC3A4F4-7713-1D05-2AE0-A85150F6629B}.Debug|Any CPU.Build.0 = Debug|Any CPU
		{EBC3A4F4-7713-1D05-2AE0-A85150F6629B}.Release|Any CPU.ActiveCfg = Release|Any CPU
		{EBC3A4F4-7713-1D05-2AE0-A85150F6629B}.Release|Any CPU.Build.0 = Release|Any CPU
		{2587064C-9DDB-63F5-F499-FC57C83E08FF}.Debug|Any CPU.ActiveCfg = Debug|Any CPU
		{2587064C-9DDB-63F5-F499-FC57C83E08FF}.Debug|Any CPU.Build.0 = Debug|Any CPU
		{2587064C-9DDB-63F5-F499-FC57C83E08FF}.Release|Any CPU.ActiveCfg = Release|Any CPU
		{2587064C-9DDB-63F5-F499-FC57C83E08FF}.Release|Any CPU.Build.0 = Release|Any CPU
		{33FB7189-CEEB-1240-A612-1E1C3FF1F87E}.Debug|Any CPU.ActiveCfg = Debug|Any CPU
		{33FB7189-CEEB-1240-A612-1E1C3FF1F87E}.Debug|Any CPU.Build.0 = Debug|Any CPU
		{33FB7189-CEEB-1240-A612-1E1C3FF1F87E}.Release|Any CPU.ActiveCfg = Release|Any CPU
		{33FB7189-CEEB-1240-A612-1E1C3FF1F87E}.Release|Any CPU.Build.0 = Release|Any CPU
		{BD51A0B7-699A-3735-1B96-F4F2DADE687A}.Debug|Any CPU.ActiveCfg = Debug|Any CPU
		{BD51A0B7-699A-3735-1B96-F4F2DADE687A}.Debug|Any CPU.Build.0 = Debug|Any CPU
		{BD51A0B7-699A-3735-1B96-F4F2DADE687A}.Release|Any CPU.ActiveCfg = Release|Any CPU
		{BD51A0B7-699A-3735-1B96-F4F2DADE687A}.Release|Any CPU.Build.0 = Release|Any CPU
		{1F3623B4-0BAF-05C5-6052-FA21492861E9}.Debug|Any CPU.ActiveCfg = Debug|Any CPU
		{1F3623B4-0BAF-05C5-6052-FA21492861E9}.Debug|Any CPU.Build.0 = Debug|Any CPU
		{1F3623B4-0BAF-05C5-6052-FA21492861E9}.Release|Any CPU.ActiveCfg = Release|Any CPU
		{1F3623B4-0BAF-05C5-6052-FA21492861E9}.Release|Any CPU.Build.0 = Release|Any CPU
		{DC7067A6-F728-E50F-8F20-08BB1B228D1E}.Debug|Any CPU.ActiveCfg = Debug|Any CPU
		{DC7067A6-F728-E50F-8F20-08BB1B228D1E}.Debug|Any CPU.Build.0 = Debug|Any CPU
		{DC7067A6-F728-E50F-8F20-08BB1B228D1E}.Release|Any CPU.ActiveCfg = Release|Any CPU
		{DC7067A6-F728-E50F-8F20-08BB1B228D1E}.Release|Any CPU.Build.0 = Release|Any CPU
		{E08F152D-3082-437F-CB32-562E8025E8A7}.Debug|Any CPU.ActiveCfg = Debug|Any CPU
		{E08F152D-3082-437F-CB32-562E8025E8A7}.Debug|Any CPU.Build.0 = Debug|Any CPU
		{E08F152D-3082-437F-CB32-562E8025E8A7}.Release|Any CPU.ActiveCfg = Release|Any CPU
		{E08F152D-3082-437F-CB32-562E8025E8A7}.Release|Any CPU.Build.0 = Release|Any CPU
	EndGlobalSection
	GlobalSection(SolutionProperties) = preSolution
		HideSolutionNode = FALSE
	EndGlobalSection
	GlobalSection(ExtensibilityGlobals) = postSolution
		SolutionGuid = {36DB464D-B27E-4A03-BECC-8495613CC2FE}
	EndGlobalSection
EndGlobal
